
Microsoft Visual Studio Solution File, Format Version 12.00
# Visual Studio Version 17
VisualStudioVersion = 17.1.32407.343
MinimumVisualStudioVersion = 10.0.40219.1
Project("{FAE04EC0-301F-11D3-BF4B-00C04F79EFBC}") = "web_hotel_1", "web_hotel_1\web_hotel_1.csproj", "{7CA187AB-8B17-46AA-B540-289D02129F8D}"
EndProject
Global
	GlobalSection(SolutionConfigurationPlatforms) = preSolution
		Debug|Any CPU = Debug|Any CPU
		Release|Any CPU = Release|Any CPU
	EndGlobalSection
	GlobalSection(ProjectConfigurationPlatforms) = postSolution
		{7CA187AB-8B17-46AA-B540-289D02129F8D}.Debug|Any CPU.ActiveCfg = Debug|Any CPU
		{7CA187AB-8B17-46AA-B540-289D02129F8D}.Debug|Any CPU.Build.0 = Debug|Any CPU
		{7CA187AB-8B17-46AA-B540-289D02129F8D}.Release|Any CPU.ActiveCfg = Release|Any CPU
		{7CA187AB-8B17-46AA-B540-289D02129F8D}.Release|Any CPU.Build.0 = Release|Any CPU
	EndGlobalSection
	GlobalSection(SolutionProperties) = preSolution
		HideSolutionNode = FALSE
	EndGlobalSection
	GlobalSection(ExtensibilityGlobals) = postSolution
		SolutionGuid = {08203673-19E5-4E9D-A90F-88F83D38E00D}
	EndGlobalSection
EndGlobal
